Microsoft Visual Studio Solution File, Format Version 12.00
# Visual Studio Version 16
VisualStudioVersion = 16.0.29324.140
MinimumVisualStudioVersion = 10.0.40219.1
Project("{FAE04EC0-301F-11D3-BF4B-00C04F79EFBC}") = "WMS.Audits", "WMS.Audits\WMS.Audits.csproj", "{12E7B8E8-DBA8-4D7D-8706-FEEB02F1560D}"
EndProject
Project("{F184B08F-C81C-45F6-A57F-5ABD9991F28F}") = "WMS.AttributeValidators", "WMS.AttributeValidators\WMS.AttributeValidators.vbproj", "{47E4915B-2355-45D0-A559-59A104C8C683}"
EndProject
Project("{FAE04EC0-301F-11D3-BF4B-00C04F79EFBC}") = "WMS.Counting", "WMS.Counting\WMS.Counting.csproj", "{E3A90E67-1827-411F-A272-A2FCF9104C11}"
EndProject
Project("{FAE04EC0-301F-11D3-BF4B-00C04F79EFBC}") = "WMS.EventManager", "WMS.EventManager\WMS.EventManager.csproj", "{4CF06D18-7FA5-4AC3-ACC2-ACA0A68DA856}"
EndProject
Project("{F184B08F-C81C-45F6-A57F-5ABD9991F28F}") = "WMS.Lib", "WMS.Lib\WMS.Lib.vbproj", "{B02C5864-60D8-4933-8426-38EA626FA03B}"
EndProject
Project("{FAE04EC0-301F-11D3-BF4B-00C04F79EFBC}") = "WMS.LocationAssignment", "WMS.LocationAssignment\WMS.LocationAssignment.csproj", "{432A7F2D-4ED2-4FD9-9DD5-62120E40F477}"
EndProject
Project("{F184B08F-C81C-45F6-A57F-5ABD9991F28F}") = "WMS.Logic", "WMS.Logic\WMS.Logic.vbproj", "{11398692-D59E-4395-834A-5674F61489D6}"
EndProject
Project("{FAE04EC0-301F-11D3-BF4B-00C04F79EFBC}") = "WMS.Planner", "WMS.Planner\WMS.Planner.csproj", "{082C274E-D34D-47E1-BFDB-4996E303140C}"
EndProject
Project("{FAE04EC0-301F-11D3-BF4B-00C04F79EFBC}") = "WMS.Releasor", "WMS.Releasor\WMS.Releasor.csproj", "{C03C9E6F-0D8F-4793-A532-141828B4DF3A}"
EndProject
Project("{FAE04EC0-301F-11D3-BF4B-00C04F79EFBC}") = "WMS.Replenishment", "WMS.Replenishment\WMS.Replenishment.csproj", "{96E4E85C-9C9E-4D7B-B83A-693B2F300CC6}"
EndProject
Project("{F184B08F-C81C-45F6-A57F-5ABD9991F28F}") = "WMS.Reports", "WMS.Reports\WMS.Reports.vbproj", "{EFDFEB50-4F28-4C30-8277-48B7135B0124}"
EndProject
Project("{F184B08F-C81C-45F6-A57F-5ABD9991F28F}") = "WMS.TaskManager", "WMS.TaskManager\WMS.TaskManager.vbproj", "{1A64D932-C25F-43BA-A382-F6FD5F56451C}"
EndProject
Project("{F184B08F-C81C-45F6-A57F-5ABD9991F28F}") = "WMS.WebCtrls", "WMS.WebCtrls\WMS.WebCtrls.vbproj", "{120943B6-877A-4463-9D9A-FCEF185E8D27}"
EndProject
Project("{FAE04EC0-301F-11D3-BF4B-00C04F79EFBC}") = "WMS.OredersAutomation", "WMS.OredersAutomation\WMS.OredersAutomation.csproj", "{1653E4BD-0AE7-40C4-B7D7-AFA6C5C11E8F}"
EndProject
Project("{FAE04EC0-301F-11D3-BF4B-00C04F79EFBC}") = "WMS.ScheduleTasks", "WMS.ScheduleTasks\WMS.ScheduleTasks.csproj", "{87D82D2F-8EAA-42CA-9BF0-0B033F1B1283}"
EndProject
Project("{FAE04EC0-301F-11D3-BF4B-00C04F79EFBC}") = "WMS.InventoryTransaction", "WMS.InventoryTransaction\WMS.InventoryTransaction.csproj", "{A9B734D0-9460-4E16-B064-214ADF11527C}"
EndProject
Project("{F184B08F-C81C-45F6-A57F-5ABD9991F28F}") = "SCExpert.TalkmanService", "SCExpert.TalkmanService\SCExpert.TalkmanService.vbproj", "{5402E08D-B8AA-40EE-99BA-957D5A6EF696}"
EndProject
Project("{F184B08F-C81C-45F6-A57F-5ABD9991F28F}") = "ProcessValidators", "ProcessValidators\ProcessValidators.vbproj", "{4D862454-A60C-4C00-ABD3-260F7589AA50}"
EndProject
Project("{FAE04EC0-301F-11D3-BF4B-00C04F79EFBC}") = "WMS.Shipper", "WMS.Shipper\WMS.Shipper.csproj", "{AEBD4C6E-BD7D-4FF3-81A5-690D0846EDEC}"
EndProject
Project("{FAE04EC0-301F-11D3-BF4B-00C04F79EFBC}") = "ExpertObjectMapper", "ExpertObjectMapper\ExpertObjectMapper.csproj", "{32252593-3501-4454-AE0D-322C336FA253}"
EndProject
Project("{FAE04EC0-301F-11D3-BF4B-00C04F79EFBC}") = "SCExpertConnect", "SCExpertConnect\SCExpertConnect.csproj", "{5A2949B6-B4DF-4661-BAD9-1CA262C99C30}"
EndProject
Project("{FAE04EC0-301F-11D3-BF4B-00C04F79EFBC}") = "SCExpertConnectPlugins", "SCExpertConnectPlugins\SCExpertConnectPlugins.csproj", "{715B2F47-6F08-475E-A445-B051B665B03E}"
EndProject
Project("{FAE04EC0-301F-11D3-BF4B-00C04F79EFBC}") = "WMS.LaborPerformance", "WMS.LaborPerformance\WMS.LaborPerformance.csproj", "{C7881555-4480-4CA2-A871-6BD98FD0AD44}"
EndProject
Project("{F184B08F-C81C-45F6-A57F-5ABD9991F28F}") = "SCExpertConnectSBOPlugin", "SCExpertConnectSBOPlugin\SCExpertConnectSBOPlugin.vbproj", "{6ACF4608-A6B1-4C36-A978-9AD00F7E4617}"
EndProject
Project("{F184B08F-C81C-45F6-A57F-5ABD9991F28F}") = "SCExpertRESBPlugin", "SCExpertRESBPlugin\SCExpertRESBPlugin.vbproj", "{506DD940-1EEF-427A-8DD7-0BBE05187465}"
	ProjectSection(ProjectDependencies) = postProject
		{B02C5864-60D8-4933-8426-38EA626FA03B} = {B02C5864-60D8-4933-8426-38EA626FA03B}
		{11398692-D59E-4395-834A-5674F61489D6} = {11398692-D59E-4395-834A-5674F61489D6}
	EndProjectSection
EndProject
Project("{F184B08F-C81C-45F6-A57F-5ABD9991F28F}") = "SCExpertTalkmanPlugin", "SCExpertTalkmanPlugin\SCExpertTalkmanPlugin.vbproj", "{E7F295F9-441A-4808-B775-9DDBD81FB0AE}"
EndProject
Project("{FAE04EC0-301F-11D3-BF4B-00C04F79EFBC}") = "SCExpertConnectFilePlugin", "SCExpertConnectFilePlugin\SCExpertConnectFilePlugin.csproj", "{DC0F771D-3B2C-41BC-8C1C-A87847712CAC}"
EndProject
Project("{FAE04EC0-301F-11D3-BF4B-00C04F79EFBC}") = "RWMSIntegrationService", "RWMSIntegrationService\RWMSIntegrationService\RWMSIntegrationService.csproj", "{BABF110E-1B0B-4709-A06A-DABA6F712EF4}"
	ProjectSection(ProjectDependencies) = postProject
		{B02C5864-60D8-4933-8426-38EA626FA03B} = {B02C5864-60D8-4933-8426-38EA626FA03B}
		{11398692-D59E-4395-834A-5674F61489D6} = {11398692-D59E-4395-834A-5674F61489D6}
	EndProjectSection
EndProject
Project("{FAE04EC0-301F-11D3-BF4B-00C04F79EFBC}") = "SCExpertFlowrackService", "Retalix Flowrack Service\SCExpertFlowrackService.csproj", "{13C32E0A-3D94-4E77-B772-FD8A8071D0C2}"
	ProjectSection(ProjectDependencies) = postProject
		{11398692-D59E-4395-834A-5674F61489D6} = {11398692-D59E-4395-834A-5674F61489D6}
	EndProjectSection
EndProject
Project("{FAE04EC0-301F-11D3-BF4B-00C04F79EFBC}") = "SCExpertReplTaskManager", "Retalix Repl Task Manager\SCExpertReplTaskManager.csproj", "{7E31A1EB-A1C9-499F-8087-B6344BDC59A3}"
	ProjectSection(ProjectDependencies) = postProject
		{B02C5864-60D8-4933-8426-38EA626FA03B} = {B02C5864-60D8-4933-8426-38EA626FA03B}
		{11398692-D59E-4395-834A-5674F61489D6} = {11398692-D59E-4395-834A-5674F61489D6}
	EndProjectSection
EndProject
Project("{F184B08F-C81C-45F6-A57F-5ABD9991F28F}") = "Assignments", "Assignments\Assignments.vbproj", "{DB584703-BE5A-4902-A59E-8523FA2956B6}"
	ProjectSection(ProjectDependencies) = postProject
		{B02C5864-60D8-4933-8426-38EA626FA03B} = {B02C5864-60D8-4933-8426-38EA626FA03B}
		{11398692-D59E-4395-834A-5674F61489D6} = {11398692-D59E-4395-834A-5674F61489D6}
	EndProjectSection
EndProject
Project("{FAE04EC0-301F-11D3-BF4B-00C04F79EFBC}") = "CODE128GS", "CODE128GS\CODE128GS.csproj", "{43F4191A-8656-4F00-8DBD-996955DABE32}"
	ProjectSection(ProjectDependencies) = postProject
		{B02C5864-60D8-4933-8426-38EA626FA03B} = {B02C5864-60D8-4933-8426-38EA626FA03B}
	EndProjectSection
EndProject
Project("{FAE04EC0-301F-11D3-BF4B-00C04F79EFBC}") = "PicklistBreak", "PicklistBreak\PicklistBreak.csproj", "{B1CCECF8-2DB2-4E4E-A5FC-1E7DA65508C1}"
	ProjectSection(ProjectDependencies) = postProject
		{B02C5864-60D8-4933-8426-38EA626FA03B} = {B02C5864-60D8-4933-8426-38EA626FA03B}
		{11398692-D59E-4395-834A-5674F61489D6} = {11398692-D59E-4395-834A-5674F61489D6}
	EndProjectSection
EndProject
Project("{FAE04EC0-301F-11D3-BF4B-00C04F79EFBC}") = "ScheduleTasks", "ScheduleTasks\ScheduleTasks.csproj", "{B65E8CF9-97C0-40B0-9B27-E3A20517EBEC}"
	ProjectSection(ProjectDependencies) = postProject
		{B02C5864-60D8-4933-8426-38EA626FA03B} = {B02C5864-60D8-4933-8426-38EA626FA03B}
		{11398692-D59E-4395-834A-5674F61489D6} = {11398692-D59E-4395-834A-5674F61489D6}
	EndProjectSection
EndProject
Project("{F184B08F-C81C-45F6-A57F-5ABD9991F28F}") = "RWMS.Logic", "RWMS.Logic\RWMS.Logic.vbproj", "{7F80C778-6CC1-4E8D-97F9-05BF55BCA26C}"
	ProjectSection(ProjectDependencies) = postProject
		{B02C5864-60D8-4933-8426-38EA626FA03B} = {B02C5864-60D8-4933-8426-38EA626FA03B}
		{11398692-D59E-4395-834A-5674F61489D6} = {11398692-D59E-4395-834A-5674F61489D6}
	EndProjectSection
EndProject
Project("{F184B08F-C81C-45F6-A57F-5ABD9991F28F}") = "WMS.WebApp", "WMS.WebApplication\WMS.WebApp.vbproj", "{14F7E4EC-7E55-4002-B072-6381386CEAEC}"
	ProjectSection(ProjectDependencies) = postProject
		{4D862454-A60C-4C00-ABD3-260F7589AA50} = {4D862454-A60C-4C00-ABD3-260F7589AA50}
		{B02C5864-60D8-4933-8426-38EA626FA03B} = {B02C5864-60D8-4933-8426-38EA626FA03B}
		{7F80C778-6CC1-4E8D-97F9-05BF55BCA26C} = {7F80C778-6CC1-4E8D-97F9-05BF55BCA26C}
		{11398692-D59E-4395-834A-5674F61489D6} = {11398692-D59E-4395-834A-5674F61489D6}
		{120943B6-877A-4463-9D9A-FCEF185E8D27} = {120943B6-877A-4463-9D9A-FCEF185E8D27}
	EndProjectSection
EndProject
Project("{F184B08F-C81C-45F6-A57F-5ABD9991F28F}") = "WMS.MobileWebApp", "WMS.MobileWebApp\WMS.MobileWebApp.vbproj", "{7C9B9920-F22E-4EB5-8B34-81D60A438D2E}"
	ProjectSection(ProjectDependencies) = postProject
		{43F4191A-8656-4F00-8DBD-996955DABE32} = {43F4191A-8656-4F00-8DBD-996955DABE32}
		{4D862454-A60C-4C00-ABD3-260F7589AA50} = {4D862454-A60C-4C00-ABD3-260F7589AA50}
		{B02C5864-60D8-4933-8426-38EA626FA03B} = {B02C5864-60D8-4933-8426-38EA626FA03B}
		{7F80C778-6CC1-4E8D-97F9-05BF55BCA26C} = {7F80C778-6CC1-4E8D-97F9-05BF55BCA26C}
		{11398692-D59E-4395-834A-5674F61489D6} = {11398692-D59E-4395-834A-5674F61489D6}
		{120943B6-877A-4463-9D9A-FCEF185E8D27} = {120943B6-877A-4463-9D9A-FCEF185E8D27}
	EndProjectSection
EndProject
Project("{F184B08F-C81C-45F6-A57F-5ABD9991F28F}") = "SCExpertConnectUtility", "SCExpertConnectUtility\SCExpertConnectUtility.vbproj", "{3575DE78-50FB-49B6-B0A2-38E261F6406B}"
	ProjectSection(ProjectDependencies) = postProject
		{11398692-D59E-4395-834A-5674F61489D6} = {11398692-D59E-4395-834A-5674F61489D6}
		{5A2949B6-B4DF-4661-BAD9-1CA262C99C30} = {5A2949B6-B4DF-4661-BAD9-1CA262C99C30}
	EndProjectSection
EndProject
Project("{FAE04EC0-301F-11D3-BF4B-00C04F79EFBC}") = "MsgQUtils", "MsgQUtils\MsgQUtils.csproj", "{3A07EC7E-0C4F-4403-8B94-500A76D8BAE3}"
	ProjectSection(ProjectDependencies) = postProject
		{11398692-D59E-4395-834A-5674F61489D6} = {11398692-D59E-4395-834A-5674F61489D6}
	EndProjectSection
EndProject
Project("{2150E333-8FDC-42A3-9474-1A3956D46DE8}") = "Solution Items", "Solution Items", "{FAE07F82-4EEF-4C04-B5BF-3196AE3C4BD0}"
	ProjectSection(SolutionItems) = preProject
		AssemblyVersionInfo.cs = AssemblyVersionInfo.cs
		AssemblyVersionVB.vb = AssemblyVersionVB.vb
	EndProjectSection
EndProject
Project("{F184B08F-C81C-45F6-A57F-5ABD9991F28F}") = "WMS.Logic.Billing", "WMS.Logic.Billing\WMS.Logic.Billing.vbproj", "{FB05DDC9-EE2F-4856-B186-06F65CF9A2CD}"
EndProject
Project("{FAE04EC0-301F-11D3-BF4B-00C04F79EFBC}") = "WMS.Billing.ChargeDetailPosted", "WMS.BillingChargePosted\WMS.Billing.ChargeDetailPosted.csproj", "{114DC03E-1ACC-4420-8489-C72066F61200}"
	ProjectSection(ProjectDependencies) = postProject
		{11398692-D59E-4395-834A-5674F61489D6} = {11398692-D59E-4395-834A-5674F61489D6}
		{FB05DDC9-EE2F-4856-B186-06F65CF9A2CD} = {FB05DDC9-EE2F-4856-B186-06F65CF9A2CD}
	EndProjectSection
EndProject
Project("{FAE04EC0-301F-11D3-BF4B-00C04F79EFBC}") = "WMS.Billing.ChargeExport", "WMS.Billing.ChargeExport\WMS.Billing.ChargeExport.csproj", "{E77224F6-7FBC-4A56-8462-1FBA4E1C231F}"
EndProject
Project("{FAE04EC0-301F-11D3-BF4B-00C04F79EFBC}") = "WMS.TaxRight", "WMS.TaxRight\WMS.TaxRight.csproj", "{FE62DB8E-0362-4F98-B4A5-2327DF42D202}"
EndProject
Project("{FAE04EC0-301F-11D3-BF4B-00C04F79EFBC}") = "WMS.BatchReplenishment", "WMS.BatchReplenishment\WMS.BatchReplenishment.csproj", "{0DD805D7-7B00-401D-9AFB-6F635F6DF8A2}"
EndProject
Global
	GlobalSection(SolutionConfigurationPlatforms) = preSolution
		Build All|Any CPU = Build All|Any CPU
		Build All|x86 = Build All|x86
		Debug|Any CPU = Debug|Any CPU
		Debug|x86 = Debug|x86
		Release|Any CPU = Release|Any CPU
		Release|x86 = Release|x86
	EndGlobalSection
	GlobalSection(ProjectConfigurationPlatforms) = postSolution
		{12E7B8E8-DBA8-4D7D-8706-FEEB02F1560D}.Build All|Any CPU.ActiveCfg = Release|Any CPU
		{12E7B8E8-DBA8-4D7D-8706-FEEB02F1560D}.Build All|Any CPU.Build.0 = Release|Any CPU
		{12E7B8E8-DBA8-4D7D-8706-FEEB02F1560D}.Build All|x86.ActiveCfg = Debug|Any CPU
		{12E7B8E8-DBA8-4D7D-8706-FEEB02F1560D}.Build All|x86.Build.0 = Debug|Any CPU
		{12E7B8E8-DBA8-4D7D-8706-FEEB02F1560D}.Debug|Any CPU.ActiveCfg = Debug|Any CPU
		{12E7B8E8-DBA8-4D7D-8706-FEEB02F1560D}.Debug|Any CPU.Build.0 = Debug|Any CPU
		{12E7B8E8-DBA8-4D7D-8706-FEEB02F1560D}.Debug|x86.ActiveCfg = Debug|Any CPU
		{12E7B8E8-DBA8-4D7D-8706-FEEB02F1560D}.Debug|x86.Build.0 = Debug|Any CPU
		{12E7B8E8-DBA8-4D7D-8706-FEEB02F1560D}.Release|Any CPU.ActiveCfg = Release|Any CPU
		{12E7B8E8-DBA8-4D7D-8706-FEEB02F1560D}.Release|Any CPU.Build.0 = Release|Any CPU
		{12E7B8E8-DBA8-4D7D-8706-FEEB02F1560D}.Release|x86.ActiveCfg = Release|Any CPU
		{12E7B8E8-DBA8-4D7D-8706-FEEB02F1560D}.Release|x86.Build.0 = Release|Any CPU
		{47E4915B-2355-45D0-A559-59A104C8C683}.Build All|Any CPU.ActiveCfg = Release|Any CPU
		{47E4915B-2355-45D0-A559-59A104C8C683}.Build All|Any CPU.Build.0 = Release|Any CPU
		{47E4915B-2355-45D0-A559-59A104C8C683}.Build All|x86.ActiveCfg = Debug|Any CPU
		{47E4915B-2355-45D0-A559-59A104C8C683}.Build All|x86.Build.0 = Debug|Any CPU
		{47E4915B-2355-45D0-A559-59A104C8C683}.Debug|Any CPU.ActiveCfg = Debug|Any CPU
		{47E4915B-2355-45D0-A559-59A104C8C683}.Debug|Any CPU.Build.0 = Debug|Any CPU
		{47E4915B-2355-45D0-A559-59A104C8C683}.Debug|x86.ActiveCfg = Debug|Any CPU
		{47E4915B-2355-45D0-A559-59A104C8C683}.Debug|x86.Build.0 = Debug|Any CPU
		{47E4915B-2355-45D0-A559-59A104C8C683}.Release|Any CPU.ActiveCfg = Release|Any CPU
		{47E4915B-2355-45D0-A559-59A104C8C683}.Release|Any CPU.Build.0 = Release|Any CPU
		{47E4915B-2355-45D0-A559-59A104C8C683}.Release|x86.ActiveCfg = Release|Any CPU
		{47E4915B-2355-45D0-A559-59A104C8C683}.Release|x86.Build.0 = Release|Any CPU
		{E3A90E67-1827-411F-A272-A2FCF9104C11}.Build All|Any CPU.ActiveCfg = Release|Any CPU
		{E3A90E67-1827-411F-A272-A2FCF9104C11}.Build All|Any CPU.Build.0 = Release|Any CPU
		{E3A90E67-1827-411F-A272-A2FCF9104C11}.Build All|x86.ActiveCfg = Debug|Any CPU
		{E3A90E67-1827-411F-A272-A2FCF9104C11}.Build All|x86.Build.0 = Debug|Any CPU
		{E3A90E67-1827-411F-A272-A2FCF9104C11}.Debug|Any CPU.ActiveCfg = Debug|Any CPU
		{E3A90E67-1827-411F-A272-A2FCF9104C11}.Debug|Any CPU.Build.0 = Debug|Any CPU
		{E3A90E67-1827-411F-A272-A2FCF9104C11}.Debug|x86.ActiveCfg = Debug|Any CPU
		{E3A90E67-1827-411F-A272-A2FCF9104C11}.Debug|x86.Build.0 = Debug|Any CPU
		{E3A90E67-1827-411F-A272-A2FCF9104C11}.Release|Any CPU.ActiveCfg = Release|Any CPU
		{E3A90E67-1827-411F-A272-A2FCF9104C11}.Release|Any CPU.Build.0 = Release|Any CPU
		{E3A90E67-1827-411F-A272-A2FCF9104C11}.Release|x86.ActiveCfg = Release|Any CPU
		{E3A90E67-1827-411F-A272-A2FCF9104C11}.Release|x86.Build.0 = Release|Any CPU
		{4CF06D18-7FA5-4AC3-ACC2-ACA0A68DA856}.Build All|Any CPU.ActiveCfg = Release|Any CPU
		{4CF06D18-7FA5-4AC3-ACC2-ACA0A68DA856}.Build All|Any CPU.Build.0 = Release|Any CPU
		{4CF06D18-7FA5-4AC3-ACC2-ACA0A68DA856}.Build All|x86.ActiveCfg = Debug|Any CPU
		{4CF06D18-7FA5-4AC3-ACC2-ACA0A68DA856}.Build All|x86.Build.0 = Debug|Any CPU
		{4CF06D18-7FA5-4AC3-ACC2-ACA0A68DA856}.Debug|Any CPU.ActiveCfg = Debug|Any CPU
		{4CF06D18-7FA5-4AC3-ACC2-ACA0A68DA856}.Debug|Any CPU.Build.0 = Debug|Any CPU
		{4CF06D18-7FA5-4AC3-ACC2-ACA0A68DA856}.Debug|x86.ActiveCfg = Debug|Any CPU
		{4CF06D18-7FA5-4AC3-ACC2-ACA0A68DA856}.Debug|x86.Build.0 = Debug|Any CPU
		{4CF06D18-7FA5-4AC3-ACC2-ACA0A68DA856}.Release|Any CPU.ActiveCfg = Release|Any CPU
		{4CF06D18-7FA5-4AC3-ACC2-ACA0A68DA856}.Release|Any CPU.Build.0 = Release|Any CPU
		{4CF06D18-7FA5-4AC3-ACC2-ACA0A68DA856}.Release|x86.ActiveCfg = Release|Any CPU
		{4CF06D18-7FA5-4AC3-ACC2-ACA0A68DA856}.Release|x86.Build.0 = Release|Any CPU
		{B02C5864-60D8-4933-8426-38EA626FA03B}.Build All|Any CPU.ActiveCfg = Release|Any CPU
		{B02C5864-60D8-4933-8426-38EA626FA03B}.Build All|Any CPU.Build.0 = Release|Any CPU
		{B02C5864-60D8-4933-8426-38EA626FA03B}.Build All|x86.ActiveCfg = Debug|Any CPU
		{B02C5864-60D8-4933-8426-38EA626FA03B}.Build All|x86.Build.0 = Debug|Any CPU
		{B02C5864-60D8-4933-8426-38EA626FA03B}.Debug|Any CPU.ActiveCfg = Debug|Any CPU
		{B02C5864-60D8-4933-8426-38EA626FA03B}.Debug|Any CPU.Build.0 = Debug|Any CPU
		{B02C5864-60D8-4933-8426-38EA626FA03B}.Debug|x86.ActiveCfg = Debug|Any CPU
		{B02C5864-60D8-4933-8426-38EA626FA03B}.Debug|x86.Build.0 = Debug|Any CPU
		{B02C5864-60D8-4933-8426-38EA626FA03B}.Release|Any CPU.ActiveCfg = Release|Any CPU
		{B02C5864-60D8-4933-8426-38EA626FA03B}.Release|Any CPU.Build.0 = Release|Any CPU
		{B02C5864-60D8-4933-8426-38EA626FA03B}.Release|x86.ActiveCfg = Release|Any CPU
		{B02C5864-60D8-4933-8426-38EA626FA03B}.Release|x86.Build.0 = Release|Any CPU
		{432A7F2D-4ED2-4FD9-9DD5-62120E40F477}.Build All|Any CPU.ActiveCfg = Release|Any CPU
		{432A7F2D-4ED2-4FD9-9DD5-62120E40F477}.Build All|Any CPU.Build.0 = Release|Any CPU
		{432A7F2D-4ED2-4FD9-9DD5-62120E40F477}.Build All|x86.ActiveCfg = Debug|Any CPU
		{432A7F2D-4ED2-4FD9-9DD5-62120E40F477}.Build All|x86.Build.0 = Debug|Any CPU
		{432A7F2D-4ED2-4FD9-9DD5-62120E40F477}.Debug|Any CPU.ActiveCfg = Debug|Any CPU
		{432A7F2D-4ED2-4FD9-9DD5-62120E40F477}.Debug|Any CPU.Build.0 = Debug|Any CPU
		{432A7F2D-4ED2-4FD9-9DD5-62120E40F477}.Debug|x86.ActiveCfg = Debug|Any CPU
		{432A7F2D-4ED2-4FD9-9DD5-62120E40F477}.Debug|x86.Build.0 = Debug|Any CPU
		{432A7F2D-4ED2-4FD9-9DD5-62120E40F477}.Release|Any CPU.ActiveCfg = Release|Any CPU
		{432A7F2D-4ED2-4FD9-9DD5-62120E40F477}.Release|Any CPU.Build.0 = Release|Any CPU
		{432A7F2D-4ED2-4FD9-9DD5-62120E40F477}.Release|x86.ActiveCfg = Release|Any CPU
		{432A7F2D-4ED2-4FD9-9DD5-62120E40F477}.Release|x86.Build.0 = Release|Any CPU
		{11398692-D59E-4395-834A-5674F61489D6}.Build All|Any CPU.ActiveCfg = Release|Any CPU
		{11398692-D59E-4395-834A-5674F61489D6}.Build All|Any CPU.Build.0 = Release|Any CPU
		{11398692-D59E-4395-834A-5674F61489D6}.Build All|x86.ActiveCfg = Debug|Any CPU
		{11398692-D59E-4395-834A-5674F61489D6}.Build All|x86.Build.0 = Debug|Any CPU
		{11398692-D59E-4395-834A-5674F61489D6}.Debug|Any CPU.ActiveCfg = Debug|Any CPU
		{11398692-D59E-4395-834A-5674F61489D6}.Debug|Any CPU.Build.0 = Debug|Any CPU
		{11398692-D59E-4395-834A-5674F61489D6}.Debug|x86.ActiveCfg = Debug|Any CPU
		{11398692-D59E-4395-834A-5674F61489D6}.Debug|x86.Build.0 = Debug|Any CPU
		{11398692-D59E-4395-834A-5674F61489D6}.Release|Any CPU.ActiveCfg = Release|Any CPU
		{11398692-D59E-4395-834A-5674F61489D6}.Release|Any CPU.Build.0 = Release|Any CPU
		{11398692-D59E-4395-834A-5674F61489D6}.Release|x86.ActiveCfg = Release|Any CPU
		{11398692-D59E-4395-834A-5674F61489D6}.Release|x86.Build.0 = Release|Any CPU
		{082C274E-D34D-47E1-BFDB-4996E303140C}.Build All|Any CPU.ActiveCfg = Release|Any CPU
		{082C274E-D34D-47E1-BFDB-4996E303140C}.Build All|Any CPU.Build.0 = Release|Any CPU
		{082C274E-D34D-47E1-BFDB-4996E303140C}.Build All|x86.ActiveCfg = Debug|Any CPU
		{082C274E-D34D-47E1-BFDB-4996E303140C}.Build All|x86.Build.0 = Debug|Any CPU
		{082C274E-D34D-47E1-BFDB-4996E303140C}.Debug|Any CPU.ActiveCfg = Debug|Any CPU
		{082C274E-D34D-47E1-BFDB-4996E303140C}.Debug|Any CPU.Build.0 = Debug|Any CPU
		{082C274E-D34D-47E1-BFDB-4996E303140C}.Debug|x86.ActiveCfg = Debug|Any CPU
		{082C274E-D34D-47E1-BFDB-4996E303140C}.Debug|x86.Build.0 = Debug|Any CPU
		{082C274E-D34D-47E1-BFDB-4996E303140C}.Release|Any CPU.ActiveCfg = Release|Any CPU
		{082C274E-D34D-47E1-BFDB-4996E303140C}.Release|Any CPU.Build.0 = Release|Any CPU
		{082C274E-D34D-47E1-BFDB-4996E303140C}.Release|x86.ActiveCfg = Release|Any CPU
		{082C274E-D34D-47E1-BFDB-4996E303140C}.Release|x86.Build.0 = Release|Any CPU
		{C03C9E6F-0D8F-4793-A532-141828B4DF3A}.Build All|Any CPU.ActiveCfg = Release|Any CPU
		{C03C9E6F-0D8F-4793-A532-141828B4DF3A}.Build All|Any CPU.Build.0 = Release|Any CPU
		{C03C9E6F-0D8F-4793-A532-141828B4DF3A}.Build All|x86.ActiveCfg = Debug|Any CPU
		{C03C9E6F-0D8F-4793-A532-141828B4DF3A}.Build All|x86.Build.0 = Debug|Any CPU
		{C03C9E6F-0D8F-4793-A532-141828B4DF3A}.Debug|Any CPU.ActiveCfg = Debug|Any CPU
		{C03C9E6F-0D8F-4793-A532-141828B4DF3A}.Debug|Any CPU.Build.0 = Debug|Any CPU
		{C03C9E6F-0D8F-4793-A532-141828B4DF3A}.Debug|x86.ActiveCfg = Debug|Any CPU
		{C03C9E6F-0D8F-4793-A532-141828B4DF3A}.Debug|x86.Build.0 = Debug|Any CPU
		{C03C9E6F-0D8F-4793-A532-141828B4DF3A}.Release|Any CPU.ActiveCfg = Release|Any CPU
		{C03C9E6F-0D8F-4793-A532-141828B4DF3A}.Release|Any CPU.Build.0 = Release|Any CPU
		{C03C9E6F-0D8F-4793-A532-141828B4DF3A}.Release|x86.ActiveCfg = Release|Any CPU
		{C03C9E6F-0D8F-4793-A532-141828B4DF3A}.Release|x86.Build.0 = Release|Any CPU
		{96E4E85C-9C9E-4D7B-B83A-693B2F300CC6}.Build All|Any CPU.ActiveCfg = Release|Any CPU
		{96E4E85C-9C9E-4D7B-B83A-693B2F300CC6}.Build All|Any CPU.Build.0 = Release|Any CPU
		{96E4E85C-9C9E-4D7B-B83A-693B2F300CC6}.Build All|x86.ActiveCfg = Debug|Any CPU
		{96E4E85C-9C9E-4D7B-B83A-693B2F300CC6}.Build All|x86.Build.0 = Debug|Any CPU
		{96E4E85C-9C9E-4D7B-B83A-693B2F300CC6}.Debug|Any CPU.ActiveCfg = Debug|Any CPU
		{96E4E85C-9C9E-4D7B-B83A-693B2F300CC6}.Debug|Any CPU.Build.0 = Debug|Any CPU
		{96E4E85C-9C9E-4D7B-B83A-693B2F300CC6}.Debug|x86.ActiveCfg = Debug|Any CPU
		{96E4E85C-9C9E-4D7B-B83A-693B2F300CC6}.Debug|x86.Build.0 = Debug|Any CPU
		{96E4E85C-9C9E-4D7B-B83A-693B2F300CC6}.Release|Any CPU.ActiveCfg = Release|Any CPU
		{96E4E85C-9C9E-4D7B-B83A-693B2F300CC6}.Release|Any CPU.Build.0 = Release|Any CPU
		{96E4E85C-9C9E-4D7B-B83A-693B2F300CC6}.Release|x86.ActiveCfg = Release|Any CPU
		{96E4E85C-9C9E-4D7B-B83A-693B2F300CC6}.Release|x86.Build.0 = Release|Any CPU
		{EFDFEB50-4F28-4C30-8277-48B7135B0124}.Build All|Any CPU.ActiveCfg = Release|Any CPU
		{EFDFEB50-4F28-4C30-8277-48B7135B0124}.Build All|Any CPU.Build.0 = Release|Any CPU
		{EFDFEB50-4F28-4C30-8277-48B7135B0124}.Build All|x86.ActiveCfg = Debug|Any CPU
		{EFDFEB50-4F28-4C30-8277-48B7135B0124}.Build All|x86.Build.0 = Debug|Any CPU
		{EFDFEB50-4F28-4C30-8277-48B7135B0124}.Debug|Any CPU.ActiveCfg = Debug|Any CPU
		{EFDFEB50-4F28-4C30-8277-48B7135B0124}.Debug|Any CPU.Build.0 = Debug|Any CPU
		{EFDFEB50-4F28-4C30-8277-48B7135B0124}.Debug|x86.ActiveCfg = Debug|Any CPU
		{EFDFEB50-4F28-4C30-8277-48B7135B0124}.Debug|x86.Build.0 = Debug|Any CPU
		{EFDFEB50-4F28-4C30-8277-48B7135B0124}.Release|Any CPU.ActiveCfg = Release|Any CPU
		{EFDFEB50-4F28-4C30-8277-48B7135B0124}.Release|Any CPU.Build.0 = Release|Any CPU
		{EFDFEB50-4F28-4C30-8277-48B7135B0124}.Release|x86.ActiveCfg = Release|Any CPU
		{EFDFEB50-4F28-4C30-8277-48B7135B0124}.Release|x86.Build.0 = Release|Any CPU
		{1A64D932-C25F-43BA-A382-F6FD5F56451C}.Build All|Any CPU.ActiveCfg = Release|Any CPU
		{1A64D932-C25F-43BA-A382-F6FD5F56451C}.Build All|Any CPU.Build.0 = Release|Any CPU
		{1A64D932-C25F-43BA-A382-F6FD5F56451C}.Build All|x86.ActiveCfg = Debug|Any CPU
		{1A64D932-C25F-43BA-A382-F6FD5F56451C}.Build All|x86.Build.0 = Debug|Any CPU
		{1A64D932-C25F-43BA-A382-F6FD5F56451C}.Debug|Any CPU.ActiveCfg = Debug|Any CPU
		{1A64D932-C25F-43BA-A382-F6FD5F56451C}.Debug|Any CPU.Build.0 = Debug|Any CPU
		{1A64D932-C25F-43BA-A382-F6FD5F56451C}.Debug|x86.ActiveCfg = Debug|Any CPU
		{1A64D932-C25F-43BA-A382-F6FD5F56451C}.Debug|x86.Build.0 = Debug|Any CPU
		{1A64D932-C25F-43BA-A382-F6FD5F56451C}.Release|Any CPU.ActiveCfg = Release|Any CPU
		{1A64D932-C25F-43BA-A382-F6FD5F56451C}.Release|Any CPU.Build.0 = Release|Any CPU
		{1A64D932-C25F-43BA-A382-F6FD5F56451C}.Release|x86.ActiveCfg = Release|Any CPU
		{1A64D932-C25F-43BA-A382-F6FD5F56451C}.Release|x86.Build.0 = Release|Any CPU
		{120943B6-877A-4463-9D9A-FCEF185E8D27}.Build All|Any CPU.ActiveCfg = Release|Any CPU
		{120943B6-877A-4463-9D9A-FCEF185E8D27}.Build All|Any CPU.Build.0 = Release|Any CPU
		{120943B6-877A-4463-9D9A-FCEF185E8D27}.Build All|x86.ActiveCfg = Debug|Any CPU
		{120943B6-877A-4463-9D9A-FCEF185E8D27}.Build All|x86.Build.0 = Debug|Any CPU
		{120943B6-877A-4463-9D9A-FCEF185E8D27}.Debug|Any CPU.ActiveCfg = Debug|Any CPU
		{120943B6-877A-4463-9D9A-FCEF185E8D27}.Debug|Any CPU.Build.0 = Debug|Any CPU
		{120943B6-877A-4463-9D9A-FCEF185E8D27}.Debug|x86.ActiveCfg = Debug|Any CPU
		{120943B6-877A-4463-9D9A-FCEF185E8D27}.Debug|x86.Build.0 = Debug|Any CPU
		{120943B6-877A-4463-9D9A-FCEF185E8D27}.Release|Any CPU.ActiveCfg = Release|Any CPU
		{120943B6-877A-4463-9D9A-FCEF185E8D27}.Release|Any CPU.Build.0 = Release|Any CPU
		{120943B6-877A-4463-9D9A-FCEF185E8D27}.Release|x86.ActiveCfg = Release|Any CPU
		{120943B6-877A-4463-9D9A-FCEF185E8D27}.Release|x86.Build.0 = Release|Any CPU
		{1653E4BD-0AE7-40C4-B7D7-AFA6C5C11E8F}.Build All|Any CPU.ActiveCfg = Release|Any CPU
		{1653E4BD-0AE7-40C4-B7D7-AFA6C5C11E8F}.Build All|Any CPU.Build.0 = Release|Any CPU
		{1653E4BD-0AE7-40C4-B7D7-AFA6C5C11E8F}.Build All|x86.ActiveCfg = Debug|Any CPU
		{1653E4BD-0AE7-40C4-B7D7-AFA6C5C11E8F}.Build All|x86.Build.0 = Debug|Any CPU
		{1653E4BD-0AE7-40C4-B7D7-AFA6C5C11E8F}.Debug|Any CPU.ActiveCfg = Debug|Any CPU
		{1653E4BD-0AE7-40C4-B7D7-AFA6C5C11E8F}.Debug|Any CPU.Build.0 = Debug|Any CPU
		{1653E4BD-0AE7-40C4-B7D7-AFA6C5C11E8F}.Debug|x86.ActiveCfg = Debug|Any CPU
		{1653E4BD-0AE7-40C4-B7D7-AFA6C5C11E8F}.Debug|x86.Build.0 = Debug|Any CPU
		{1653E4BD-0AE7-40C4-B7D7-AFA6C5C11E8F}.Release|Any CPU.ActiveCfg = Release|Any CPU
		{1653E4BD-0AE7-40C4-B7D7-AFA6C5C11E8F}.Release|Any CPU.Build.0 = Release|Any CPU
		{1653E4BD-0AE7-40C4-B7D7-AFA6C5C11E8F}.Release|x86.ActiveCfg = Release|Any CPU
		{1653E4BD-0AE7-40C4-B7D7-AFA6C5C11E8F}.Release|x86.Build.0 = Release|Any CPU
		{87D82D2F-8EAA-42CA-9BF0-0B033F1B1283}.Build All|Any CPU.ActiveCfg = Release|Any CPU
		{87D82D2F-8EAA-42CA-9BF0-0B033F1B1283}.Build All|Any CPU.Build.0 = Release|Any CPU
		{87D82D2F-8EAA-42CA-9BF0-0B033F1B1283}.Build All|x86.ActiveCfg = Debug|Any CPU
		{87D82D2F-8EAA-42CA-9BF0-0B033F1B1283}.Build All|x86.Build.0 = Debug|Any CPU
		{87D82D2F-8EAA-42CA-9BF0-0B033F1B1283}.Debug|Any CPU.ActiveCfg = Debug|Any CPU
		{87D82D2F-8EAA-42CA-9BF0-0B033F1B1283}.Debug|Any CPU.Build.0 = Debug|Any CPU
		{87D82D2F-8EAA-42CA-9BF0-0B033F1B1283}.Debug|x86.ActiveCfg = Debug|Any CPU
		{87D82D2F-8EAA-42CA-9BF0-0B033F1B1283}.Debug|x86.Build.0 = Debug|Any CPU
		{87D82D2F-8EAA-42CA-9BF0-0B033F1B1283}.Release|Any CPU.ActiveCfg = Release|Any CPU
		{87D82D2F-8EAA-42CA-9BF0-0B033F1B1283}.Release|Any CPU.Build.0 = Release|Any CPU
		{87D82D2F-8EAA-42CA-9BF0-0B033F1B1283}.Release|x86.ActiveCfg = Release|Any CPU
		{87D82D2F-8EAA-42CA-9BF0-0B033F1B1283}.Release|x86.Build.0 = Release|Any CPU
		{A9B734D0-9460-4E16-B064-214ADF11527C}.Build All|Any CPU.ActiveCfg = Release|Any CPU
		{A9B734D0-9460-4E16-B064-214ADF11527C}.Build All|Any CPU.Build.0 = Release|Any CPU
		{A9B734D0-9460-4E16-B064-214ADF11527C}.Build All|x86.ActiveCfg = Debug|Any CPU
		{A9B734D0-9460-4E16-B064-214ADF11527C}.Build All|x86.Build.0 = Debug|Any CPU
		{A9B734D0-9460-4E16-B064-214ADF11527C}.Debug|Any CPU.ActiveCfg = Debug|Any CPU
		{A9B734D0-9460-4E16-B064-214ADF11527C}.Debug|Any CPU.Build.0 = Debug|Any CPU
		{A9B734D0-9460-4E16-B064-214ADF11527C}.Debug|x86.ActiveCfg = Debug|Any CPU
		{A9B734D0-9460-4E16-B064-214ADF11527C}.Debug|x86.Build.0 = Debug|Any CPU
		{A9B734D0-9460-4E16-B064-214ADF11527C}.Release|Any CPU.ActiveCfg = Release|Any CPU
		{A9B734D0-9460-4E16-B064-214ADF11527C}.Release|Any CPU.Build.0 = Release|Any CPU
		{A9B734D0-9460-4E16-B064-214ADF11527C}.Release|x86.ActiveCfg = Release|Any CPU
		{A9B734D0-9460-4E16-B064-214ADF11527C}.Release|x86.Build.0 = Release|Any CPU
		{5402E08D-B8AA-40EE-99BA-957D5A6EF696}.Build All|Any CPU.ActiveCfg = Release|Any CPU
		{5402E08D-B8AA-40EE-99BA-957D5A6EF696}.Build All|Any CPU.Build.0 = Release|Any CPU
		{5402E08D-B8AA-40EE-99BA-957D5A6EF696}.Build All|x86.ActiveCfg = Debug|Any CPU
		{5402E08D-B8AA-40EE-99BA-957D5A6EF696}.Build All|x86.Build.0 = Debug|Any CPU
		{5402E08D-B8AA-40EE-99BA-957D5A6EF696}.Debug|Any CPU.ActiveCfg = Debug|Any CPU
		{5402E08D-B8AA-40EE-99BA-957D5A6EF696}.Debug|Any CPU.Build.0 = Debug|Any CPU
		{5402E08D-B8AA-40EE-99BA-957D5A6EF696}.Debug|x86.ActiveCfg = Debug|Any CPU
		{5402E08D-B8AA-40EE-99BA-957D5A6EF696}.Debug|x86.Build.0 = Debug|Any CPU
		{5402E08D-B8AA-40EE-99BA-957D5A6EF696}.Release|Any CPU.ActiveCfg = Release|Any CPU
		{5402E08D-B8AA-40EE-99BA-957D5A6EF696}.Release|Any CPU.Build.0 = Release|Any CPU
		{5402E08D-B8AA-40EE-99BA-957D5A6EF696}.Release|x86.ActiveCfg = Release|Any CPU
		{5402E08D-B8AA-40EE-99BA-957D5A6EF696}.Release|x86.Build.0 = Release|Any CPU
		{4D862454-A60C-4C00-ABD3-260F7589AA50}.Build All|Any CPU.ActiveCfg = Release|Any CPU
		{4D862454-A60C-4C00-ABD3-260F7589AA50}.Build All|Any CPU.Build.0 = Release|Any CPU
		{4D862454-A60C-4C00-ABD3-260F7589AA50}.Build All|x86.ActiveCfg = Debug|Any CPU
		{4D862454-A60C-4C00-ABD3-260F7589AA50}.Build All|x86.Build.0 = Debug|Any CPU
		{4D862454-A60C-4C00-ABD3-260F7589AA50}.Debug|Any CPU.ActiveCfg = Debug|Any CPU
		{4D862454-A60C-4C00-ABD3-260F7589AA50}.Debug|Any CPU.Build.0 = Debug|Any CPU
		{4D862454-A60C-4C00-ABD3-260F7589AA50}.Debug|x86.ActiveCfg = Debug|Any CPU
		{4D862454-A60C-4C00-ABD3-260F7589AA50}.Debug|x86.Build.0 = Debug|Any CPU
		{4D862454-A60C-4C00-ABD3-260F7589AA50}.Release|Any CPU.ActiveCfg = Release|Any CPU
		{4D862454-A60C-4C00-ABD3-260F7589AA50}.Release|Any CPU.Build.0 = Release|Any CPU
		{4D862454-A60C-4C00-ABD3-260F7589AA50}.Release|x86.ActiveCfg = Release|Any CPU
		{4D862454-A60C-4C00-ABD3-260F7589AA50}.Release|x86.Build.0 = Release|Any CPU
		{AEBD4C6E-BD7D-4FF3-81A5-690D0846EDEC}.Build All|Any CPU.ActiveCfg = Release|Any CPU
		{AEBD4C6E-BD7D-4FF3-81A5-690D0846EDEC}.Build All|Any CPU.Build.0 = Release|Any CPU
		{AEBD4C6E-BD7D-4FF3-81A5-690D0846EDEC}.Build All|x86.ActiveCfg = Debug|Any CPU
		{AEBD4C6E-BD7D-4FF3-81A5-690D0846EDEC}.Build All|x86.Build.0 = Debug|Any CPU
		{AEBD4C6E-BD7D-4FF3-81A5-690D0846EDEC}.Debug|Any CPU.ActiveCfg = Debug|Any CPU
		{AEBD4C6E-BD7D-4FF3-81A5-690D0846EDEC}.Debug|Any CPU.Build.0 = Debug|Any CPU
		{AEBD4C6E-BD7D-4FF3-81A5-690D0846EDEC}.Debug|x86.ActiveCfg = Debug|Any CPU
		{AEBD4C6E-BD7D-4FF3-81A5-690D0846EDEC}.Debug|x86.Build.0 = Debug|Any CPU
		{AEBD4C6E-BD7D-4FF3-81A5-690D0846EDEC}.Release|Any CPU.ActiveCfg = Release|Any CPU
		{AEBD4C6E-BD7D-4FF3-81A5-690D0846EDEC}.Release|Any CPU.Build.0 = Release|Any CPU
		{AEBD4C6E-BD7D-4FF3-81A5-690D0846EDEC}.Release|x86.ActiveCfg = Release|Any CPU
		{AEBD4C6E-BD7D-4FF3-81A5-690D0846EDEC}.Release|x86.Build.0 = Release|Any CPU
		{32252593-3501-4454-AE0D-322C336FA253}.Build All|Any CPU.ActiveCfg = Release|Any CPU
		{32252593-3501-4454-AE0D-322C336FA253}.Build All|Any CPU.Build.0 = Release|Any CPU
		{32252593-3501-4454-AE0D-322C336FA253}.Build All|x86.ActiveCfg = Debug|Any CPU
		{32252593-3501-4454-AE0D-322C336FA253}.Build All|x86.Build.0 = Debug|Any CPU
		{32252593-3501-4454-AE0D-322C336FA253}.Debug|Any CPU.ActiveCfg = Debug|Any CPU
		{32252593-3501-4454-AE0D-322C336FA253}.Debug|Any CPU.Build.0 = Debug|Any CPU
		{32252593-3501-4454-AE0D-322C336FA253}.Debug|x86.ActiveCfg = Debug|Any CPU
		{32252593-3501-4454-AE0D-322C336FA253}.Debug|x86.Build.0 = Debug|Any CPU
		{32252593-3501-4454-AE0D-322C336FA253}.Release|Any CPU.ActiveCfg = Release|Any CPU
		{32252593-3501-4454-AE0D-322C336FA253}.Release|Any CPU.Build.0 = Release|Any CPU
		{32252593-3501-4454-AE0D-322C336FA253}.Release|x86.ActiveCfg = Release|Any CPU
		{32252593-3501-4454-AE0D-322C336FA253}.Release|x86.Build.0 = Release|Any CPU
		{5A2949B6-B4DF-4661-BAD9-1CA262C99C30}.Build All|Any CPU.ActiveCfg = Release|Any CPU
		{5A2949B6-B4DF-4661-BAD9-1CA262C99C30}.Build All|Any CPU.Build.0 = Release|Any CPU
		{5A2949B6-B4DF-4661-BAD9-1CA262C99C30}.Build All|x86.ActiveCfg = Debug|Any CPU
		{5A2949B6-B4DF-4661-BAD9-1CA262C99C30}.Build All|x86.Build.0 = Debug|Any CPU
		{5A2949B6-B4DF-4661-BAD9-1CA262C99C30}.Debug|Any CPU.ActiveCfg = Debug|Any CPU
		{5A2949B6-B4DF-4661-BAD9-1CA262C99C30}.Debug|Any CPU.Build.0 = Debug|Any CPU
		{5A2949B6-B4DF-4661-BAD9-1CA262C99C30}.Debug|x86.ActiveCfg = Debug|Any CPU
		{5A2949B6-B4DF-4661-BAD9-1CA262C99C30}.Debug|x86.Build.0 = Debug|Any CPU
		{5A2949B6-B4DF-4661-BAD9-1CA262C99C30}.Release|Any CPU.ActiveCfg = Release|Any CPU
		{5A2949B6-B4DF-4661-BAD9-1CA262C99C30}.Release|Any CPU.Build.0 = Release|Any CPU
		{5A2949B6-B4DF-4661-BAD9-1CA262C99C30}.Release|x86.ActiveCfg = Release|Any CPU
		{5A2949B6-B4DF-4661-BAD9-1CA262C99C30}.Release|x86.Build.0 = Release|Any CPU
		{715B2F47-6F08-475E-A445-B051B665B03E}.Build All|Any CPU.ActiveCfg = Release|Any CPU
		{715B2F47-6F08-475E-A445-B051B665B03E}.Build All|Any CPU.Build.0 = Release|Any CPU
		{715B2F47-6F08-475E-A445-B051B665B03E}.Build All|x86.ActiveCfg = Debug|Any CPU
		{715B2F47-6F08-475E-A445-B051B665B03E}.Build All|x86.Build.0 = Debug|Any CPU
		{715B2F47-6F08-475E-A445-B051B665B03E}.Debug|Any CPU.ActiveCfg = Debug|Any CPU
		{715B2F47-6F08-475E-A445-B051B665B03E}.Debug|Any CPU.Build.0 = Debug|Any CPU
		{715B2F47-6F08-475E-A445-B051B665B03E}.Debug|x86.ActiveCfg = Debug|Any CPU
		{715B2F47-6F08-475E-A445-B051B665B03E}.Debug|x86.Build.0 = Debug|Any CPU
		{715B2F47-6F08-475E-A445-B051B665B03E}.Release|Any CPU.ActiveCfg = Release|Any CPU
		{715B2F47-6F08-475E-A445-B051B665B03E}.Release|Any CPU.Build.0 = Release|Any CPU
		{715B2F47-6F08-475E-A445-B051B665B03E}.Release|x86.ActiveCfg = Release|Any CPU
		{715B2F47-6F08-475E-A445-B051B665B03E}.Release|x86.Build.0 = Release|Any CPU
		{C7881555-4480-4CA2-A871-6BD98FD0AD44}.Build All|Any CPU.ActiveCfg = Release|Any CPU
		{C7881555-4480-4CA2-A871-6BD98FD0AD44}.Build All|Any CPU.Build.0 = Release|Any CPU
		{C7881555-4480-4CA2-A871-6BD98FD0AD44}.Build All|x86.ActiveCfg = Debug|Any CPU
		{C7881555-4480-4CA2-A871-6BD98FD0AD44}.Build All|x86.Build.0 = Debug|Any CPU
		{C7881555-4480-4CA2-A871-6BD98FD0AD44}.Debug|Any CPU.ActiveCfg = Debug|Any CPU
		{C7881555-4480-4CA2-A871-6BD98FD0AD44}.Debug|Any CPU.Build.0 = Debug|Any CPU
		{C7881555-4480-4CA2-A871-6BD98FD0AD44}.Debug|x86.ActiveCfg = Debug|Any CPU
		{C7881555-4480-4CA2-A871-6BD98FD0AD44}.Debug|x86.Build.0 = Debug|Any CPU
		{C7881555-4480-4CA2-A871-6BD98FD0AD44}.Release|Any CPU.ActiveCfg = Release|Any CPU
		{C7881555-4480-4CA2-A871-6BD98FD0AD44}.Release|Any CPU.Build.0 = Release|Any CPU
		{C7881555-4480-4CA2-A871-6BD98FD0AD44}.Release|x86.ActiveCfg = Release|Any CPU
		{C7881555-4480-4CA2-A871-6BD98FD0AD44}.Release|x86.Build.0 = Release|Any CPU
		{6ACF4608-A6B1-4C36-A978-9AD00F7E4617}.Build All|Any CPU.ActiveCfg = Release|Any CPU
		{6ACF4608-A6B1-4C36-A978-9AD00F7E4617}.Build All|Any CPU.Build.0 = Release|Any CPU
		{6ACF4608-A6B1-4C36-A978-9AD00F7E4617}.Build All|x86.ActiveCfg = Release|x86
		{6ACF4608-A6B1-4C36-A978-9AD00F7E4617}.Build All|x86.Build.0 = Release|x86
		{6ACF4608-A6B1-4C36-A978-9AD00F7E4617}.Debug|Any CPU.ActiveCfg = Debug|x86
		{6ACF4608-A6B1-4C36-A978-9AD00F7E4617}.Debug|Any CPU.Build.0 = Debug|x86
		{6ACF4608-A6B1-4C36-A978-9AD00F7E4617}.Debug|x86.ActiveCfg = Debug|x86
		{6ACF4608-A6B1-4C36-A978-9AD00F7E4617}.Debug|x86.Build.0 = Debug|x86
		{6ACF4608-A6B1-4C36-A978-9AD00F7E4617}.Release|Any CPU.ActiveCfg = Release|x86
		{6ACF4608-A6B1-4C36-A978-9AD00F7E4617}.Release|Any CPU.Build.0 = Release|x86
		{6ACF4608-A6B1-4C36-A978-9AD00F7E4617}.Release|x86.ActiveCfg = Release|x86
		{6ACF4608-A6B1-4C36-A978-9AD00F7E4617}.Release|x86.Build.0 = Release|x86
		{506DD940-1EEF-427A-8DD7-0BBE05187465}.Build All|Any CPU.ActiveCfg = Release|Any CPU
		{506DD940-1EEF-427A-8DD7-0BBE05187465}.Build All|Any CPU.Build.0 = Release|Any CPU
		{506DD940-1EEF-427A-8DD7-0BBE05187465}.Build All|x86.ActiveCfg = Debug|Any CPU
		{506DD940-1EEF-427A-8DD7-0BBE05187465}.Build All|x86.Build.0 = Debug|Any CPU
		{506DD940-1EEF-427A-8DD7-0BBE05187465}.Debug|Any CPU.ActiveCfg = Debug|Any CPU
		{506DD940-1EEF-427A-8DD7-0BBE05187465}.Debug|Any CPU.Build.0 = Debug|Any CPU
		{506DD940-1EEF-427A-8DD7-0BBE05187465}.Debug|x86.ActiveCfg = Debug|Any CPU
		{506DD940-1EEF-427A-8DD7-0BBE05187465}.Debug|x86.Build.0 = Debug|Any CPU
		{506DD940-1EEF-427A-8DD7-0BBE05187465}.Release|Any CPU.ActiveCfg = Release|Any CPU
		{506DD940-1EEF-427A-8DD7-0BBE05187465}.Release|Any CPU.Build.0 = Release|Any CPU
		{506DD940-1EEF-427A-8DD7-0BBE05187465}.Release|x86.ActiveCfg = Release|Any CPU
		{506DD940-1EEF-427A-8DD7-0BBE05187465}.Release|x86.Build.0 = Release|Any CPU
		{E7F295F9-441A-4808-B775-9DDBD81FB0AE}.Build All|Any CPU.ActiveCfg = Release|Any CPU
		{E7F295F9-441A-4808-B775-9DDBD81FB0AE}.Build All|Any CPU.Build.0 = Release|Any CPU
		{E7F295F9-441A-4808-B775-9DDBD81FB0AE}.Build All|x86.ActiveCfg = Debug|Any CPU
		{E7F295F9-441A-4808-B775-9DDBD81FB0AE}.Build All|x86.Build.0 = Debug|Any CPU
		{E7F295F9-441A-4808-B775-9DDBD81FB0AE}.Debug|Any CPU.ActiveCfg = Debug|Any CPU
		{E7F295F9-441A-4808-B775-9DDBD81FB0AE}.Debug|Any CPU.Build.0 = Debug|Any CPU
		{E7F295F9-441A-4808-B775-9DDBD81FB0AE}.Debug|x86.ActiveCfg = Debug|Any CPU
		{E7F295F9-441A-4808-B775-9DDBD81FB0AE}.Debug|x86.Build.0 = Debug|Any CPU
		{E7F295F9-441A-4808-B775-9DDBD81FB0AE}.Release|Any CPU.ActiveCfg = Release|Any CPU
		{E7F295F9-441A-4808-B775-9DDBD81FB0AE}.Release|Any CPU.Build.0 = Release|Any CPU
		{E7F295F9-441A-4808-B775-9DDBD81FB0AE}.Release|x86.ActiveCfg = Release|Any CPU
		{E7F295F9-441A-4808-B775-9DDBD81FB0AE}.Release|x86.Build.0 = Release|Any CPU
		{DC0F771D-3B2C-41BC-8C1C-A87847712CAC}.Build All|Any CPU.ActiveCfg = Release|Any CPU
		{DC0F771D-3B2C-41BC-8C1C-A87847712CAC}.Build All|Any CPU.Build.0 = Release|Any CPU
		{DC0F771D-3B2C-41BC-8C1C-A87847712CAC}.Build All|x86.ActiveCfg = Debug|Any CPU
		{DC0F771D-3B2C-41BC-8C1C-A87847712CAC}.Build All|x86.Build.0 = Debug|Any CPU
		{DC0F771D-3B2C-41BC-8C1C-A87847712CAC}.Debug|Any CPU.ActiveCfg = Debug|Any CPU
		{DC0F771D-3B2C-41BC-8C1C-A87847712CAC}.Debug|Any CPU.Build.0 = Debug|Any CPU
		{DC0F771D-3B2C-41BC-8C1C-A87847712CAC}.Debug|x86.ActiveCfg = Debug|Any CPU
		{DC0F771D-3B2C-41BC-8C1C-A87847712CAC}.Debug|x86.Build.0 = Debug|Any CPU
		{DC0F771D-3B2C-41BC-8C1C-A87847712CAC}.Release|Any CPU.ActiveCfg = Release|Any CPU
		{DC0F771D-3B2C-41BC-8C1C-A87847712CAC}.Release|Any CPU.Build.0 = Release|Any CPU
		{DC0F771D-3B2C-41BC-8C1C-A87847712CAC}.Release|x86.ActiveCfg = Release|Any CPU
		{DC0F771D-3B2C-41BC-8C1C-A87847712CAC}.Release|x86.Build.0 = Release|Any CPU
		{BABF110E-1B0B-4709-A06A-DABA6F712EF4}.Build All|Any CPU.ActiveCfg = Release|Any CPU
		{BABF110E-1B0B-4709-A06A-DABA6F712EF4}.Build All|Any CPU.Build.0 = Release|Any CPU
		{BABF110E-1B0B-4709-A06A-DABA6F712EF4}.Build All|x86.ActiveCfg = Debug|Any CPU
		{BABF110E-1B0B-4709-A06A-DABA6F712EF4}.Build All|x86.Build.0 = Debug|Any CPU
		{BABF110E-1B0B-4709-A06A-DABA6F712EF4}.Debug|Any CPU.ActiveCfg = Debug|Any CPU
		{BABF110E-1B0B-4709-A06A-DABA6F712EF4}.Debug|Any CPU.Build.0 = Debug|Any CPU
		{BABF110E-1B0B-4709-A06A-DABA6F712EF4}.Debug|x86.ActiveCfg = Debug|Any CPU
		{BABF110E-1B0B-4709-A06A-DABA6F712EF4}.Debug|x86.Build.0 = Debug|Any CPU
		{BABF110E-1B0B-4709-A06A-DABA6F712EF4}.Release|Any CPU.ActiveCfg = Release|Any CPU
		{BABF110E-1B0B-4709-A06A-DABA6F712EF4}.Release|Any CPU.Build.0 = Release|Any CPU
		{BABF110E-1B0B-4709-A06A-DABA6F712EF4}.Release|x86.ActiveCfg = Release|Any CPU
		{BABF110E-1B0B-4709-A06A-DABA6F712EF4}.Release|x86.Build.0 = Release|Any CPU
		{13C32E0A-3D94-4E77-B772-FD8A8071D0C2}.Build All|Any CPU.ActiveCfg = Release|Any CPU
		{13C32E0A-3D94-4E77-B772-FD8A8071D0C2}.Build All|Any CPU.Build.0 = Release|Any CPU
		{13C32E0A-3D94-4E77-B772-FD8A8071D0C2}.Build All|x86.ActiveCfg = Debug|Any CPU
		{13C32E0A-3D94-4E77-B772-FD8A8071D0C2}.Build All|x86.Build.0 = Debug|Any CPU
		{13C32E0A-3D94-4E77-B772-FD8A8071D0C2}.Debug|Any CPU.ActiveCfg = Debug|Any CPU
		{13C32E0A-3D94-4E77-B772-FD8A8071D0C2}.Debug|Any CPU.Build.0 = Debug|Any CPU
		{13C32E0A-3D94-4E77-B772-FD8A8071D0C2}.Debug|x86.ActiveCfg = Debug|Any CPU
		{13C32E0A-3D94-4E77-B772-FD8A8071D0C2}.Debug|x86.Build.0 = Debug|Any CPU
		{13C32E0A-3D94-4E77-B772-FD8A8071D0C2}.Release|Any CPU.ActiveCfg = Release|Any CPU
		{13C32E0A-3D94-4E77-B772-FD8A8071D0C2}.Release|Any CPU.Build.0 = Release|Any CPU
		{13C32E0A-3D94-4E77-B772-FD8A8071D0C2}.Release|x86.ActiveCfg = Release|Any CPU
		{13C32E0A-3D94-4E77-B772-FD8A8071D0C2}.Release|x86.Build.0 = Release|Any CPU
		{7E31A1EB-A1C9-499F-8087-B6344BDC59A3}.Build All|Any CPU.ActiveCfg = Release|Any CPU
		{7E31A1EB-A1C9-499F-8087-B6344BDC59A3}.Build All|Any CPU.Build.0 = Release|Any CPU
		{7E31A1EB-A1C9-499F-8087-B6344BDC59A3}.Build All|x86.ActiveCfg = Debug|Any CPU
		{7E31A1EB-A1C9-499F-8087-B6344BDC59A3}.Build All|x86.Build.0 = Debug|Any CPU
		{7E31A1EB-A1C9-499F-8087-B6344BDC59A3}.Debug|Any CPU.ActiveCfg = Debug|Any CPU
		{7E31A1EB-A1C9-499F-8087-B6344BDC59A3}.Debug|Any CPU.Build.0 = Debug|Any CPU
		{7E31A1EB-A1C9-499F-8087-B6344BDC59A3}.Debug|x86.ActiveCfg = Debug|Any CPU
		{7E31A1EB-A1C9-499F-8087-B6344BDC59A3}.Debug|x86.Build.0 = Debug|Any CPU
		{7E31A1EB-A1C9-499F-8087-B6344BDC59A3}.Release|Any CPU.ActiveCfg = Release|Any CPU
		{7E31A1EB-A1C9-499F-8087-B6344BDC59A3}.Release|Any CPU.Build.0 = Release|Any CPU
		{7E31A1EB-A1C9-499F-8087-B6344BDC59A3}.Release|x86.ActiveCfg = Release|Any CPU
		{7E31A1EB-A1C9-499F-8087-B6344BDC59A3}.Release|x86.Build.0 = Release|Any CPU
		{DB584703-BE5A-4902-A59E-8523FA2956B6}.Build All|Any CPU.ActiveCfg = Release|Any CPU
		{DB584703-BE5A-4902-A59E-8523FA2956B6}.Build All|Any CPU.Build.0 = Release|Any CPU
		{DB584703-BE5A-4902-A59E-8523FA2956B6}.Build All|x86.ActiveCfg = Debug|Any CPU
		{DB584703-BE5A-4902-A59E-8523FA2956B6}.Build All|x86.Build.0 = Debug|Any CPU
		{DB584703-BE5A-4902-A59E-8523FA2956B6}.Debug|Any CPU.ActiveCfg = Debug|Any CPU
		{DB584703-BE5A-4902-A59E-8523FA2956B6}.Debug|Any CPU.Build.0 = Debug|Any CPU
		{DB584703-BE5A-4902-A59E-8523FA2956B6}.Debug|x86.ActiveCfg = Debug|Any CPU
		{DB584703-BE5A-4902-A59E-8523FA2956B6}.Debug|x86.Build.0 = Debug|Any CPU
		{DB584703-BE5A-4902-A59E-8523FA2956B6}.Release|Any CPU.ActiveCfg = Release|Any CPU
		{DB584703-BE5A-4902-A59E-8523FA2956B6}.Release|Any CPU.Build.0 = Release|Any CPU
		{DB584703-BE5A-4902-A59E-8523FA2956B6}.Release|x86.ActiveCfg = Release|Any CPU
		{DB584703-BE5A-4902-A59E-8523FA2956B6}.Release|x86.Build.0 = Release|Any CPU
		{43F4191A-8656-4F00-8DBD-996955DABE32}.Build All|Any CPU.ActiveCfg = Release|Any CPU
		{43F4191A-8656-4F00-8DBD-996955DABE32}.Build All|Any CPU.Build.0 = Release|Any CPU
		{43F4191A-8656-4F00-8DBD-996955DABE32}.Build All|x86.ActiveCfg = Debug|Any CPU
		{43F4191A-8656-4F00-8DBD-996955DABE32}.Build All|x86.Build.0 = Debug|Any CPU
		{43F4191A-8656-4F00-8DBD-996955DABE32}.Debug|Any CPU.ActiveCfg = Debug|Any CPU
		{43F4191A-8656-4F00-8DBD-996955DABE32}.Debug|Any CPU.Build.0 = Debug|Any CPU
		{43F4191A-8656-4F00-8DBD-996955DABE32}.Debug|x86.ActiveCfg = Debug|Any CPU
		{43F4191A-8656-4F00-8DBD-996955DABE32}.Debug|x86.Build.0 = Debug|Any CPU
		{43F4191A-8656-4F00-8DBD-996955DABE32}.Release|Any CPU.ActiveCfg = Release|Any CPU
		{43F4191A-8656-4F00-8DBD-996955DABE32}.Release|Any CPU.Build.0 = Release|Any CPU
		{43F4191A-8656-4F00-8DBD-996955DABE32}.Release|x86.ActiveCfg = Release|Any CPU
		{43F4191A-8656-4F00-8DBD-996955DABE32}.Release|x86.Build.0 = Release|Any CPU
		{B1CCECF8-2DB2-4E4E-A5FC-1E7DA65508C1}.Build All|Any CPU.ActiveCfg = Release|Any CPU
		{B1CCECF8-2DB2-4E4E-A5FC-1E7DA65508C1}.Build All|Any CPU.Build.0 = Release|Any CPU
		{B1CCECF8-2DB2-4E4E-A5FC-1E7DA65508C1}.Build All|x86.ActiveCfg = Debug|Any CPU
		{B1CCECF8-2DB2-4E4E-A5FC-1E7DA65508C1}.Build All|x86.Build.0 = Debug|Any CPU
		{B1CCECF8-2DB2-4E4E-A5FC-1E7DA65508C1}.Debug|Any CPU.ActiveCfg = Debug|Any CPU
		{B1CCECF8-2DB2-4E4E-A5FC-1E7DA65508C1}.Debug|Any CPU.Build.0 = Debug|Any CPU
		{B1CCECF8-2DB2-4E4E-A5FC-1E7DA65508C1}.Debug|x86.ActiveCfg = Debug|Any CPU
		{B1CCECF8-2DB2-4E4E-A5FC-1E7DA65508C1}.Debug|x86.Build.0 = Debug|Any CPU
		{B1CCECF8-2DB2-4E4E-A5FC-1E7DA65508C1}.Release|Any CPU.ActiveCfg = Release|Any CPU
		{B1CCECF8-2DB2-4E4E-A5FC-1E7DA65508C1}.Release|Any CPU.Build.0 = Release|Any CPU
		{B1CCECF8-2DB2-4E4E-A5FC-1E7DA65508C1}.Release|x86.ActiveCfg = Release|Any CPU
		{B1CCECF8-2DB2-4E4E-A5FC-1E7DA65508C1}.Release|x86.Build.0 = Release|Any CPU
		{B65E8CF9-97C0-40B0-9B27-E3A20517EBEC}.Build All|Any CPU.ActiveCfg = Release|Any CPU
		{B65E8CF9-97C0-40B0-9B27-E3A20517EBEC}.Build All|Any CPU.Build.0 = Release|Any CPU
		{B65E8CF9-97C0-40B0-9B27-E3A20517EBEC}.Build All|x86.ActiveCfg = Debug|Any CPU
		{B65E8CF9-97C0-40B0-9B27-E3A20517EBEC}.Build All|x86.Build.0 = Debug|Any CPU
		{B65E8CF9-97C0-40B0-9B27-E3A20517EBEC}.Debug|Any CPU.ActiveCfg = Debug|Any CPU
		{B65E8CF9-97C0-40B0-9B27-E3A20517EBEC}.Debug|Any CPU.Build.0 = Debug|Any CPU
		{B65E8CF9-97C0-40B0-9B27-E3A20517EBEC}.Debug|x86.ActiveCfg = Debug|Any CPU
		{B65E8CF9-97C0-40B0-9B27-E3A20517EBEC}.Debug|x86.Build.0 = Debug|Any CPU
		{B65E8CF9-97C0-40B0-9B27-E3A20517EBEC}.Release|Any CPU.ActiveCfg = Release|Any CPU
		{B65E8CF9-97C0-40B0-9B27-E3A20517EBEC}.Release|Any CPU.Build.0 = Release|Any CPU
		{B65E8CF9-97C0-40B0-9B27-E3A20517EBEC}.Release|x86.ActiveCfg = Release|Any CPU
		{B65E8CF9-97C0-40B0-9B27-E3A20517EBEC}.Release|x86.Build.0 = Release|Any CPU
		{7F80C778-6CC1-4E8D-97F9-05BF55BCA26C}.Build All|Any CPU.ActiveCfg = Release|Any CPU
		{7F80C778-6CC1-4E8D-97F9-05BF55BCA26C}.Build All|Any CPU.Build.0 = Release|Any CPU
		{7F80C778-6CC1-4E8D-97F9-05BF55BCA26C}.Build All|x86.ActiveCfg = Debug|Any CPU
		{7F80C778-6CC1-4E8D-97F9-05BF55BCA26C}.Build All|x86.Build.0 = Debug|Any CPU
		{7F80C778-6CC1-4E8D-97F9-05BF55BCA26C}.Debug|Any CPU.ActiveCfg = Debug|Any CPU
		{7F80C778-6CC1-4E8D-97F9-05BF55BCA26C}.Debug|Any CPU.Build.0 = Debug|Any CPU
		{7F80C778-6CC1-4E8D-97F9-05BF55BCA26C}.Debug|x86.ActiveCfg = Debug|Any CPU
		{7F80C778-6CC1-4E8D-97F9-05BF55BCA26C}.Debug|x86.Build.0 = Debug|Any CPU
		{7F80C778-6CC1-4E8D-97F9-05BF55BCA26C}.Release|Any CPU.ActiveCfg = Release|Any CPU
		{7F80C778-6CC1-4E8D-97F9-05BF55BCA26C}.Release|Any CPU.Build.0 = Release|Any CPU
		{7F80C778-6CC1-4E8D-97F9-05BF55BCA26C}.Release|x86.ActiveCfg = Release|Any CPU
		{7F80C778-6CC1-4E8D-97F9-05BF55BCA26C}.Release|x86.Build.0 = Release|Any CPU
		{14F7E4EC-7E55-4002-B072-6381386CEAEC}.Build All|Any CPU.ActiveCfg = Release|Any CPU
		{14F7E4EC-7E55-4002-B072-6381386CEAEC}.Build All|Any CPU.Build.0 = Release|Any CPU
		{14F7E4EC-7E55-4002-B072-6381386CEAEC}.Build All|x86.ActiveCfg = Debug|Any CPU
		{14F7E4EC-7E55-4002-B072-6381386CEAEC}.Build All|x86.Build.0 = Debug|Any CPU
		{14F7E4EC-7E55-4002-B072-6381386CEAEC}.Debug|Any CPU.ActiveCfg = Debug|Any CPU
		{14F7E4EC-7E55-4002-B072-6381386CEAEC}.Debug|Any CPU.Build.0 = Debug|Any CPU
		{14F7E4EC-7E55-4002-B072-6381386CEAEC}.Debug|x86.ActiveCfg = Debug|Any CPU
		{14F7E4EC-7E55-4002-B072-6381386CEAEC}.Debug|x86.Build.0 = Debug|Any CPU
		{14F7E4EC-7E55-4002-B072-6381386CEAEC}.Release|Any CPU.ActiveCfg = Release|Any CPU
		{14F7E4EC-7E55-4002-B072-6381386CEAEC}.Release|Any CPU.Build.0 = Release|Any CPU
		{14F7E4EC-7E55-4002-B072-6381386CEAEC}.Release|x86.ActiveCfg = Release|Any CPU
		{14F7E4EC-7E55-4002-B072-6381386CEAEC}.Release|x86.Build.0 = Release|Any CPU
		{7C9B9920-F22E-4EB5-8B34-81D60A438D2E}.Build All|Any CPU.ActiveCfg = Release|Any CPU
		{7C9B9920-F22E-4EB5-8B34-81D60A438D2E}.Build All|Any CPU.Build.0 = Release|Any CPU
		{7C9B9920-F22E-4EB5-8B34-81D60A438D2E}.Build All|x86.ActiveCfg = Debug|Any CPU
		{7C9B9920-F22E-4EB5-8B34-81D60A438D2E}.Build All|x86.Build.0 = Debug|Any CPU
		{7C9B9920-F22E-4EB5-8B34-81D60A438D2E}.Debug|Any CPU.ActiveCfg = Debug|Any CPU
		{7C9B9920-F22E-4EB5-8B34-81D60A438D2E}.Debug|Any CPU.Build.0 = Debug|Any CPU
		{7C9B9920-F22E-4EB5-8B34-81D60A438D2E}.Debug|x86.ActiveCfg = Debug|Any CPU
		{7C9B9920-F22E-4EB5-8B34-81D60A438D2E}.Debug|x86.Build.0 = Debug|Any CPU
		{7C9B9920-F22E-4EB5-8B34-81D60A438D2E}.Release|Any CPU.ActiveCfg = Release|Any CPU
		{7C9B9920-F22E-4EB5-8B34-81D60A438D2E}.Release|Any CPU.Build.0 = Release|Any CPU
		{7C9B9920-F22E-4EB5-8B34-81D60A438D2E}.Release|x86.ActiveCfg = Release|Any CPU
		{7C9B9920-F22E-4EB5-8B34-81D60A438D2E}.Release|x86.Build.0 = Release|Any CPU
		{3575DE78-50FB-49B6-B0A2-38E261F6406B}.Build All|Any CPU.ActiveCfg = Release|Any CPU
		{3575DE78-50FB-49B6-B0A2-38E261F6406B}.Build All|Any CPU.Build.0 = Release|Any CPU
		{3575DE78-50FB-49B6-B0A2-38E261F6406B}.Build All|x86.ActiveCfg = Debug|Any CPU
		{3575DE78-50FB-49B6-B0A2-38E261F6406B}.Build All|x86.Build.0 = Debug|Any CPU
		{3575DE78-50FB-49B6-B0A2-38E261F6406B}.Debug|Any CPU.ActiveCfg = Debug|Any CPU
		{3575DE78-50FB-49B6-B0A2-38E261F6406B}.Debug|Any CPU.Build.0 = Debug|Any CPU
		{3575DE78-50FB-49B6-B0A2-38E261F6406B}.Debug|x86.ActiveCfg = Debug|Any CPU
		{3575DE78-50FB-49B6-B0A2-38E261F6406B}.Debug|x86.Build.0 = Debug|Any CPU
		{3575DE78-50FB-49B6-B0A2-38E261F6406B}.Release|Any CPU.ActiveCfg = Release|Any CPU
		{3575DE78-50FB-49B6-B0A2-38E261F6406B}.Release|Any CPU.Build.0 = Release|Any CPU
		{3575DE78-50FB-49B6-B0A2-38E261F6406B}.Release|x86.ActiveCfg = Release|Any CPU
		{3575DE78-50FB-49B6-B0A2-38E261F6406B}.Release|x86.Build.0 = Release|Any CPU
		{3A07EC7E-0C4F-4403-8B94-500A76D8BAE3}.Build All|Any CPU.ActiveCfg = Release|Any CPU
		{3A07EC7E-0C4F-4403-8B94-500A76D8BAE3}.Build All|Any CPU.Build.0 = Release|Any CPU
		{3A07EC7E-0C4F-4403-8B94-500A76D8BAE3}.Build All|x86.ActiveCfg = Debug|Any CPU
		{3A07EC7E-0C4F-4403-8B94-500A76D8BAE3}.Build All|x86.Build.0 = Debug|Any CPU
		{3A07EC7E-0C4F-4403-8B94-500A76D8BAE3}.Debug|Any CPU.ActiveCfg = Debug|Any CPU
		{3A07EC7E-0C4F-4403-8B94-500A76D8BAE3}.Debug|Any CPU.Build.0 = Debug|Any CPU
		{3A07EC7E-0C4F-4403-8B94-500A76D8BAE3}.Debug|x86.ActiveCfg = Debug|Any CPU
		{3A07EC7E-0C4F-4403-8B94-500A76D8BAE3}.Debug|x86.Build.0 = Debug|Any CPU
		{3A07EC7E-0C4F-4403-8B94-500A76D8BAE3}.Release|Any CPU.ActiveCfg = Release|Any CPU
		{3A07EC7E-0C4F-4403-8B94-500A76D8BAE3}.Release|Any CPU.Build.0 = Release|Any CPU
		{3A07EC7E-0C4F-4403-8B94-500A76D8BAE3}.Release|x86.ActiveCfg = Release|Any CPU
		{3A07EC7E-0C4F-4403-8B94-500A76D8BAE3}.Release|x86.Build.0 = Release|Any CPU
		{FB05DDC9-EE2F-4856-B186-06F65CF9A2CD}.Build All|Any CPU.ActiveCfg = Release|Any CPU
		{FB05DDC9-EE2F-4856-B186-06F65CF9A2CD}.Build All|Any CPU.Build.0 = Release|Any CPU
		{FB05DDC9-EE2F-4856-B186-06F65CF9A2CD}.Build All|x86.ActiveCfg = Debug|Any CPU
		{FB05DDC9-EE2F-4856-B186-06F65CF9A2CD}.Build All|x86.Build.0 = Debug|Any CPU
		{FB05DDC9-EE2F-4856-B186-06F65CF9A2CD}.Debug|Any CPU.ActiveCfg = Debug|Any CPU
		{FB05DDC9-EE2F-4856-B186-06F65CF9A2CD}.Debug|Any CPU.Build.0 = Debug|Any CPU
		{FB05DDC9-EE2F-4856-B186-06F65CF9A2CD}.Debug|x86.ActiveCfg = Debug|Any CPU
		{FB05DDC9-EE2F-4856-B186-06F65CF9A2CD}.Debug|x86.Build.0 = Debug|Any CPU
		{FB05DDC9-EE2F-4856-B186-06F65CF9A2CD}.Release|Any CPU.ActiveCfg = Release|Any CPU
		{FB05DDC9-EE2F-4856-B186-06F65CF9A2CD}.Release|Any CPU.Build.0 = Release|Any CPU
		{FB05DDC9-EE2F-4856-B186-06F65CF9A2CD}.Release|x86.ActiveCfg = Release|Any CPU
		{FB05DDC9-EE2F-4856-B186-06F65CF9A2CD}.Release|x86.Build.0 = Release|Any CPU
		{114DC03E-1ACC-4420-8489-C72066F61200}.Build All|Any CPU.ActiveCfg = Release|Any CPU
		{114DC03E-1ACC-4420-8489-C72066F61200}.Build All|Any CPU.Build.0 = Release|Any CPU
		{114DC03E-1ACC-4420-8489-C72066F61200}.Build All|x86.ActiveCfg = Debug|Any CPU
		{114DC03E-1ACC-4420-8489-C72066F61200}.Build All|x86.Build.0 = Debug|Any CPU
		{114DC03E-1ACC-4420-8489-C72066F61200}.Debug|Any CPU.ActiveCfg = Debug|Any CPU
		{114DC03E-1ACC-4420-8489-C72066F61200}.Debug|Any CPU.Build.0 = Debug|Any CPU
		{114DC03E-1ACC-4420-8489-C72066F61200}.Debug|x86.ActiveCfg = Debug|Any CPU
		{114DC03E-1ACC-4420-8489-C72066F61200}.Debug|x86.Build.0 = Debug|Any CPU
		{114DC03E-1ACC-4420-8489-C72066F61200}.Release|Any CPU.ActiveCfg = Release|Any CPU
		{114DC03E-1ACC-4420-8489-C72066F61200}.Release|Any CPU.Build.0 = Release|Any CPU
		{114DC03E-1ACC-4420-8489-C72066F61200}.Release|x86.ActiveCfg = Release|Any CPU
		{114DC03E-1ACC-4420-8489-C72066F61200}.Release|x86.Build.0 = Release|Any CPU
		{E77224F6-7FBC-4A56-8462-1FBA4E1C231F}.Build All|Any CPU.ActiveCfg = Release|Any CPU
		{E77224F6-7FBC-4A56-8462-1FBA4E1C231F}.Build All|Any CPU.Build.0 = Release|Any CPU
		{E77224F6-7FBC-4A56-8462-1FBA4E1C231F}.Build All|x86.ActiveCfg = Debug|Any CPU
		{E77224F6-7FBC-4A56-8462-1FBA4E1C231F}.Build All|x86.Build.0 = Debug|Any CPU
		{E77224F6-7FBC-4A56-8462-1FBA4E1C231F}.Debug|Any CPU.ActiveCfg = Debug|Any CPU
		{E77224F6-7FBC-4A56-8462-1FBA4E1C231F}.Debug|Any CPU.Build.0 = Debug|Any CPU
		{E77224F6-7FBC-4A56-8462-1FBA4E1C231F}.Debug|x86.ActiveCfg = Debug|Any CPU
		{E77224F6-7FBC-4A56-8462-1FBA4E1C231F}.Debug|x86.Build.0 = Debug|Any CPU
		{E77224F6-7FBC-4A56-8462-1FBA4E1C231F}.Release|Any CPU.ActiveCfg = Release|Any CPU
		{E77224F6-7FBC-4A56-8462-1FBA4E1C231F}.Release|Any CPU.Build.0 = Release|Any CPU
		{E77224F6-7FBC-4A56-8462-1FBA4E1C231F}.Release|x86.ActiveCfg = Release|Any CPU
		{E77224F6-7FBC-4A56-8462-1FBA4E1C231F}.Release|x86.Build.0 = Release|Any CPU
		{FE62DB8E-0362-4F98-B4A5-2327DF42D202}.Build All|Any CPU.ActiveCfg = Release|Any CPU
		{FE62DB8E-0362-4F98-B4A5-2327DF42D202}.Build All|Any CPU.Build.0 = Release|Any CPU
		{FE62DB8E-0362-4F98-B4A5-2327DF42D202}.Build All|x86.ActiveCfg = Release|Any CPU
		{FE62DB8E-0362-4F98-B4A5-2327DF42D202}.Build All|x86.Build.0 = Release|Any CPU
		{FE62DB8E-0362-4F98-B4A5-2327DF42D202}.Debug|Any CPU.ActiveCfg = Debug|Any CPU
		{FE62DB8E-0362-4F98-B4A5-2327DF42D202}.Debug|Any CPU.Build.0 = Debug|Any CPU
		{FE62DB8E-0362-4F98-B4A5-2327DF42D202}.Debug|x86.ActiveCfg = Debug|Any CPU
		{FE62DB8E-0362-4F98-B4A5-2327DF42D202}.Debug|x86.Build.0 = Debug|Any CPU
		{FE62DB8E-0362-4F98-B4A5-2327DF42D202}.Release|Any CPU.ActiveCfg = Release|Any CPU
		{FE62DB8E-0362-4F98-B4A5-2327DF42D202}.Release|Any CPU.Build.0 = Release|Any CPU
		{FE62DB8E-0362-4F98-B4A5-2327DF42D202}.Release|x86.ActiveCfg = Release|Any CPU
		{FE62DB8E-0362-4F98-B4A5-2327DF42D202}.Release|x86.Build.0 = Release|Any CPU
		{0DD805D7-7B00-401D-9AFB-6F635F6DF8A2}.Build All|Any CPU.ActiveCfg = Debug|Any CPU
		{0DD805D7-7B00-401D-9AFB-6F635F6DF8A2}.Build All|Any CPU.Build.0 = Debug|Any CPU
		{0DD805D7-7B00-401D-9AFB-6F635F6DF8A2}.Build All|x86.ActiveCfg = Debug|Any CPU
		{0DD805D7-7B00-401D-9AFB-6F635F6DF8A2}.Build All|x86.Build.0 = Debug|Any CPU
		{0DD805D7-7B00-401D-9AFB-6F635F6DF8A2}.Debug|Any CPU.ActiveCfg = Debug|Any CPU
		{0DD805D7-7B00-401D-9AFB-6F635F6DF8A2}.Debug|Any CPU.Build.0 = Debug|Any CPU
		{0DD805D7-7B00-401D-9AFB-6F635F6DF8A2}.Debug|x86.ActiveCfg = Debug|Any CPU
		{0DD805D7-7B00-401D-9AFB-6F635F6DF8A2}.Debug|x86.Build.0 = Debug|Any CPU
		{0DD805D7-7B00-401D-9AFB-6F635F6DF8A2}.Release|Any CPU.ActiveCfg = Release|Any CPU
		{0DD805D7-7B00-401D-9AFB-6F635F6DF8A2}.Release|Any CPU.Build.0 = Release|Any CPU
		{0DD805D7-7B00-401D-9AFB-6F635F6DF8A2}.Release|x86.ActiveCfg = Release|Any CPU
		{0DD805D7-7B00-401D-9AFB-6F635F6DF8A2}.Release|x86.Build.0 = Release|Any CPU
	EndGlobalSection
	GlobalSection(SolutionProperties) = preSolution
		HideSolutionNode = FALSE
	EndGlobalSection
	GlobalSection(ExtensibilityGlobals) = postSolution
		SolutionGuid = {B1AEDFEE-09B8-4B3A-AC76-DC6263667D10}
	EndGlobalSection
EndGlobal
