
Microsoft Visual Studio Solution File, Format Version 9.00
# Visual Studio 2005
Project("{FAE04EC0-301F-11D3-BF4B-00C04F79EFBC}") = "EmployeeInfoViewer", "EmployeeInfoViewer\EmployeeInfoViewer.csproj", "{56DAD6AE-8A39-4288-AD65-0969CE3B3DD4}"
EndProject
Global
	GlobalSection(SourceCodeControl) = preSolution
		SccNumberOfProjects = 1
		SccProjectUniqueName0 = EmployeeInfoViewer\\EmployeeInfoViewer.csproj
		SccProjectName0 = $/Retalix/Warehouse/Retalix/EmployeeInfoViewer/EmployeeInfoViewer
		SccLocalPath0 = EmployeeInfoViewer
		SccProvider0 = MSSCCI:SourceGear\u0020Vault\u0020Classic\u0020Client
		CanCheckoutShared = false
	EndGlobalSection
	GlobalSection(SolutionConfigurationPlatforms) = preSolution
		Debug|Any CPU = Debug|Any CPU
		Release|Any CPU = Release|Any CPU
	EndGlobalSection
	GlobalSection(ProjectConfigurationPlatforms) = postSolution
		{56DAD6AE-8A39-4288-AD65-0969CE3B3DD4}.Debug|Any CPU.ActiveCfg = Debug|Any CPU
		{56DAD6AE-8A39-4288-AD65-0969CE3B3DD4}.Debug|Any CPU.Build.0 = Debug|Any CPU
		{56DAD6AE-8A39-4288-AD65-0969CE3B3DD4}.Release|Any CPU.ActiveCfg = Release|Any CPU
		{56DAD6AE-8A39-4288-AD65-0969CE3B3DD4}.Release|Any CPU.Build.0 = Release|Any CPU
	EndGlobalSection
	GlobalSection(SolutionProperties) = preSolution
		HideSolutionNode = FALSE
	EndGlobalSection
EndGlobal
